<?xml version="1.0" encoding="utf-8"?>
<Project ToolsVersion="4.0" xmlns="http://schemas.microsoft.com/developer/msbuild/2003">
  <ItemGroup>
    <Filter Include="Source Files">
      <UniqueIdentifier>{4FC737F1-C7A5-4376-A066-2A32D752A2FF}</UniqueIdentifier>
      <Extensions>cpp;c;cc;cxx;def;odl;idl;hpj;bat;asm;asmx</Extensions>
    </Filter>
    <Filter Include="Source Files\engine">
      <UniqueIdentifier>{fc606d44-d79d-4e4b-ad83-279eaadebdf7}</UniqueIdentifier>
    </Filter>
    <Filter Include="Source Files\engine\api">
      <UniqueIdentifier>{67eea80c-135d-4538-b413-fd3d94ee83fa}</UniqueIdentifier>
    </Filter>
    <Filter Include="Source Files\engine\math">
      <UniqueIdentifier>{96b73943-5de1-477f-8ebe-878a00d6f5d7}</UniqueIdentifier>
    </Filter>
    <Filter Include="Source Files\engine\Input">
      <UniqueIdentifier>{456f0a9c-9dca-475a-a887-1c63862d680e}</UniqueIdentifier>
    </Filter>
    <Filter Include="Source Files\engine\rendering">
      <UniqueIdentifier>{b57d84d4-e515-4256-949a-b1a6896538b5}</UniqueIdentifier>
    </Filter>
    <Filter Include="Source Files\engine\scene">
      <UniqueIdentifier>{12b64873-06ca-4f43-acae-69efd63256a0}</UniqueIdentifier>
    </Filter>
    <Filter Include="Source Files\game">
      <UniqueIdentifier>{6cfdd345-1cf4-4ec5-8255-1604a3555f81}</UniqueIdentifier>
    </Filter>
    <Filter Include="Source Files\engine\events">
      <UniqueIdentifier>{17aed1a3-2f0c-4c11-9e30-d459233cc8d3}</UniqueIdentifier>
    </Filter>
  </ItemGroup>
  <ItemGroup>
    <ClCompile Include="src\engine\api\graphics.cpp">
      <Filter>Source Files\engine\api</Filter>
    </ClCompile>
    <ClCompile Include="src\engine\api\time.cpp">
      <Filter>Source Files\engine\api</Filter>
    </ClCompile>
    <ClCompile Include="src\engine\math\point2f.cpp">
      <Filter>Source Files\engine\math</Filter>
    </ClCompile>
    <ClCompile Include="src\main.cpp">
      <Filter>Source Files</Filter>
    </ClCompile>
    <ClCompile Include="src\C_Application.cpp">
      <Filter>Source Files</Filter>
    </ClCompile>
    <ClCompile Include="src\engine\rendering\idrawable.cpp">
      <Filter>Source Files\engine\rendering</Filter>
    </ClCompile>
    <ClCompile Include="src\engine\math\ishape.cpp">
      <Filter>Source Files\engine\math</Filter>
    </ClCompile>
    <ClCompile Include="src\engine\math\rect.cpp">
      <Filter>Source Files\engine\math</Filter>
    </ClCompile>
    <ClCompile Include="src\engine\math\triangle.cpp">
      <Filter>Source Files\engine\math</Filter>
    </ClCompile>
    <ClCompile Include="src\engine\rendering\drawable_rect.cpp">
      <Filter>Source Files\engine\rendering</Filter>
    </ClCompile>
    <ClCompile Include="src\engine\rendering\renderer.cpp">
      <Filter>Source Files\engine\rendering</Filter>
    </ClCompile>
    <ClCompile Include="src\engine\scene\itickable.cpp">
      <Filter>Source Files\engine\scene</Filter>
    </ClCompile>
    <ClCompile Include="src\engine\math\line.cpp">
      <Filter>Source Files\engine\math</Filter>
    </ClCompile>
    <ClCompile Include="src\engine\scene\actor.cpp">
      <Filter>Source Files\engine\scene</Filter>
    </ClCompile>
    <ClCompile Include="src\engine\events\event_bus.cpp">
      <Filter>Source Files\engine\events</Filter>
    </ClCompile>
    <ClCompile Include="src\engine\events\event_dispatcher.cpp">
      <Filter>Source Files\engine\events</Filter>
    </ClCompile>
    <ClCompile Include="src\engine\events\ievent.cpp">
      <Filter>Source Files\engine\events</Filter>
    </ClCompile>
  </ItemGroup>
  <ItemGroup>
    <ClInclude Include="src\engine\api\graphics.h">
      <Filter>Source Files\engine\api</Filter>
    </ClInclude>
    <ClInclude Include="src\engine\api\time.h">
      <Filter>Source Files\engine\api</Filter>
    </ClInclude>
    <ClInclude Include="src\engine\math\point2f.h">
      <Filter>Source Files\engine\math</Filter>
    </ClInclude>
    <ClInclude Include="src\C_Application.h">
      <Filter>Source Files</Filter>
    </ClInclude>
    <ClInclude Include="src\engine\rendering\idrawable.h">
      <Filter>Source Files\engine\rendering</Filter>
    </ClInclude>
    <ClInclude Include="src\engine\math\ishape.h">
      <Filter>Source Files\engine\math</Filter>
    </ClInclude>
    <ClInclude Include="src\engine\math\rect.h">
      <Filter>Source Files\engine\math</Filter>
    </ClInclude>
    <ClInclude Include="src\engine\math\triangle.h">
      <Filter>Source Files\engine\math</Filter>
    </ClInclude>
    <ClInclude Include="src\engine\rendering\drawable_rect.h">
      <Filter>Source Files\engine\rendering</Filter>
    </ClInclude>
    <ClInclude Include="src\engine\rendering\renderer.h">
      <Filter>Source Files\engine\rendering</Filter>
    </ClInclude>
    <ClInclude Include="src\engine\scene\itickable.h">
      <Filter>Source Files\engine\scene</Filter>
    </ClInclude>
    <ClInclude Include="src\engine\math\line.h">
      <Filter>Source Files\engine\math</Filter>
    </ClInclude>
    <ClInclude Include="src\engine\scene\actor.h">
      <Filter>Source Files\engine\scene</Filter>
    </ClInclude>
    <ClInclude Include="src\engine\events\event_bus.h">
      <Filter>Source Files\engine\events</Filter>
    </ClInclude>
    <ClInclude Include="src\engine\events\event_dispatcher.h">
      <Filter>Source Files\engine\events</Filter>
    </ClInclude>
    <ClInclude Include="src\engine\events\ievent.h">
      <Filter>Source Files\engine\events</Filter>
    </ClInclude>
  </ItemGroup>
</Project>